
Microsoft Visual Studio Solution File, Format Version 12.00
# Visual Studio Version 17
VisualStudioVersion = 17.0.32014.148
MinimumVisualStudioVersion = 10.0.40219.1
Project("{FAE04EC0-301F-11D3-BF4B-00C04F79EFBC}") = "PreAcelerationAlkemy", "PreAcelerationAlkemy\PreAcelerationAlkemy.csproj", "{94EA8C01-6C34-4D1C-BB5E-C04E2720F243}"
EndProject
Global
	GlobalSection(SolutionConfigurationPlatforms) = preSolution
		Debug|Any CPU = Debug|Any CPU
		Release|Any CPU = Release|Any CPU
	EndGlobalSection
	GlobalSection(ProjectConfigurationPlatforms) = postSolution
		{94EA8C01-6C34-4D1C-BB5E-C04E2720F243}.Debug|Any CPU.ActiveCfg = Debug|Any CPU
		{94EA8C01-6C34-4D1C-BB5E-C04E2720F243}.Debug|Any CPU.Build.0 = Debug|Any CPU
		{94EA8C01-6C34-4D1C-BB5E-C04E2720F243}.Release|Any CPU.ActiveCfg = Release|Any CPU
		{94EA8C01-6C34-4D1C-BB5E-C04E2720F243}.Release|Any CPU.Build.0 = Release|Any CPU
	EndGlobalSection
	GlobalSection(SolutionProperties) = preSolution
		HideSolutionNode = FALSE
	EndGlobalSection
	GlobalSection(ExtensibilityGlobals) = postSolution
		SolutionGuid = {78861C00-CA06-4B9E-9398-F3BFA98B0E0D}
	EndGlobalSection
EndGlobal
